
Microsoft Visual Studio Solution File, Format Version 12.00
# Visual Studio Version 17
VisualStudioVersion = 17.3.32929.385
MinimumVisualStudioVersion = 10.0.40219.1
Project("{FAE04EC0-301F-11D3-BF4B-00C04F79EFBC}") = "Metody Numeryczne 1", "Metody Numeryczne 1\Metody Numeryczne 1.csproj", "{ABFE101D-5EE6-4400-BADD-71CF968DF241}"
EndProject
Project("{FAE04EC0-301F-11D3-BF4B-00C04F79EFBC}") = "BibliotekaNumeryczne", "BibliotekaNumeryczne\BibliotekaNumeryczne.csproj", "{5910F25B-B1C1-4B36-9E52-F86620A75DEC}"
EndProject
Global
	GlobalSection(SolutionConfigurationPlatforms) = preSolution
		Debug|Any CPU = Debug|Any CPU
		Release|Any CPU = Release|Any CPU
	EndGlobalSection
	GlobalSection(ProjectConfigurationPlatforms) = postSolution
		{ABFE101D-5EE6-4400-BADD-71CF968DF241}.Debug|Any CPU.ActiveCfg = Debug|Any CPU
		{ABFE101D-5EE6-4400-BADD-71CF968DF241}.Debug|Any CPU.Build.0 = Debug|Any CPU
		{ABFE101D-5EE6-4400-BADD-71CF968DF241}.Release|Any CPU.ActiveCfg = Release|Any CPU
		{ABFE101D-5EE6-4400-BADD-71CF968DF241}.Release|Any CPU.Build.0 = Release|Any CPU
		{5910F25B-B1C1-4B36-9E52-F86620A75DEC}.Debug|Any CPU.ActiveCfg = Debug|Any CPU
		{5910F25B-B1C1-4B36-9E52-F86620A75DEC}.Debug|Any CPU.Build.0 = Debug|Any CPU
		{5910F25B-B1C1-4B36-9E52-F86620A75DEC}.Release|Any CPU.ActiveCfg = Release|Any CPU
		{5910F25B-B1C1-4B36-9E52-F86620A75DEC}.Release|Any CPU.Build.0 = Release|Any CPU
	EndGlobalSection
	GlobalSection(SolutionProperties) = preSolution
		HideSolutionNode = FALSE
	EndGlobalSection
	GlobalSection(ExtensibilityGlobals) = postSolution
		SolutionGuid = {023B9B17-8175-4D1E-9D43-7689D42CD942}
	EndGlobalSection
EndGlobal
